// !$*UTF8*$!
{
	archiveVersion = 1;
	classes = {
	};
	objectVersion = 48;
	objects = {

/* Begin PBXBuildFile section */
		FFC33EBB1FCD065000DA0382 /* AppDelegate.swift in Sources */ = {isa = PBXBuildFile; fileRef = FFC33EBA1FCD065000DA0382 /* AppDelegate.swift */; };
		FFC33EC01FCD065000DA0382 /* Main.storyboard in Resources */ = {isa = PBXBuildFile; fileRef = FFC33EBE1FCD065000DA0382 /* Main.storyboard */; };
		FFC33EC31FCD065000DA0382 /* iApp.xcdatamodeld in Sources */ = {isa = PBXBuildFile; fileRef = FFC33EC11FCD065000DA0382 /* iApp.xcdatamodeld */; };
		FFC33EC51FCD065000DA0382 /* Assets.xcassets in Resources */ = {isa = PBXBuildFile; fileRef = FFC33EC41FCD065000DA0382 /* Assets.xcassets */; };
		FFC33EC81FCD065000DA0382 /* LaunchScreen.storyboard in Resources */ = {isa = PBXBuildFile; fileRef = FFC33EC61FCD065000DA0382 /* LaunchScreen.storyboard */; };
		FFC33ED31FCD065000DA0382 /* iAppTests.swift in Sources */ = {isa = PBXBuildFile; fileRef = FFC33ED21FCD065000DA0382 /* iAppTests.swift */; };
		FFC33EDE1FCD065000DA0382 /* iAppUITests.swift in Sources */ = {isa = PBXBuildFile; fileRef = FFC33EDD1FCD065000DA0382 /* iAppUITests.swift */; };
		FFC33F6B1FCD40C200DA0382 /* MainViewController.swift in Sources */ = {isa = PBXBuildFile; fileRef = FFC33F6A1FCD40C200DA0382 /* MainViewController.swift */; };
		FFC33F741FCD441E00DA0382 /* MABaseViewController.swift in Sources */ = {isa = PBXBuildFile; fileRef = FFC33F731FCD441E00DA0382 /* MABaseViewController.swift */; };
		FFC33F761FCD450700DA0382 /* MATableViewController.swift in Sources */ = {isa = PBXBuildFile; fileRef = FFC33F751FCD450700DA0382 /* MATableViewController.swift */; };
		FFC33F7E1FCD4B2B00DA0382 /* UIColor.swift in Sources */ = {isa = PBXBuildFile; fileRef = FFC33F7D1FCD4B2B00DA0382 /* UIColor.swift */; };
		FFC33F861FCD572500DA0382 /* MAView.swift in Sources */ = {isa = PBXBuildFile; fileRef = FFC33F851FCD572500DA0382 /* MAView.swift */; };
		FFC33F881FCD577C00DA0382 /* MAColorView.swift in Sources */ = {isa = PBXBuildFile; fileRef = FFC33F871FCD577C00DA0382 /* MAColorView.swift */; };
		FFC33F8A1FCD579D00DA0382 /* MAColorView.xib in Resources */ = {isa = PBXBuildFile; fileRef = FFC33F891FCD579D00DA0382 /* MAColorView.xib */; };
		FFC33F8C1FCD5F8700DA0382 /* MAWeiboViewController.swift in Sources */ = {isa = PBXBuildFile; fileRef = FFC33F8B1FCD5F8700DA0382 /* MAWeiboViewController.swift */; };
		FFC33F8E1FCD5F9500DA0382 /* Weibo.storyboard in Resources */ = {isa = PBXBuildFile; fileRef = FFC33F8D1FCD5F9500DA0382 /* Weibo.storyboard */; };
/* End PBXBuildFile section */

/* Begin PBXContainerItemProxy section */
		FFC33ECF1FCD065000DA0382 /* PBXContainerItemProxy */ = {
			isa = PBXContainerItemProxy;
			containerPortal = FFC33EAF1FCD065000DA0382 /* Project object */;
			proxyType = 1;
			remoteGlobalIDString = FFC33EB61FCD065000DA0382;
			remoteInfo = iApp;
		};
		FFC33EDA1FCD065000DA0382 /* PBXContainerItemProxy */ = {
			isa = PBXContainerItemProxy;
			containerPortal = FFC33EAF1FCD065000DA0382 /* Project object */;
			proxyType = 1;
			remoteGlobalIDString = FFC33EB61FCD065000DA0382;
			remoteInfo = iApp;
		};
/* End PBXContainerItemProxy section */

/* Begin PBXFileReference section */
		FFC33EB71FCD065000DA0382 /* iApp.app */ = {isa = PBXFileReference; explicitFileType = wrapper.application; includeInIndex = 0; path = iApp.app; sourceTree = BUILT_PRODUCTS_DIR; };
		FFC33EBA1FCD065000DA0382 /* AppDelegate.swift */ = {isa = PBXFileReference; lastKnownFileType = sourcecode.swift; path = AppDelegate.swift; sourceTree = "<group>"; };
		FFC33EBF1FCD065000DA0382 /* Base */ = {isa = PBXFileReference; lastKnownFileType = file.storyboard; name = Base; path = Base.lproj/Main.storyboard; sourceTree = "<group>"; };
		FFC33EC21FCD065000DA0382 /* iApp.xcdatamodel */ = {isa = PBXFileReference; lastKnownFileType = wrapper.xcdatamodel; path = iApp.xcdatamodel; sourceTree = "<group>"; };
		FFC33EC41FCD065000DA0382 /* Assets.xcassets */ = {isa = PBXFileReference; lastKnownFileType = folder.assetcatalog; path = Assets.xcassets; sourceTree = "<group>"; };
		FFC33EC71FCD065000DA0382 /* Base */ = {isa = PBXFileReference; lastKnownFileType = file.storyboard; name = Base; path = Base.lproj/LaunchScreen.storyboard; sourceTree = "<group>"; };
		FFC33EC91FCD065000DA0382 /* Info.plist */ = {isa = PBXFileReference; lastKnownFileType = text.plist.xml; path = Info.plist; sourceTree = "<group>"; };
		FFC33ECE1FCD065000DA0382 /* iAppTests.xctest */ = {isa = PBXFileReference; explicitFileType = wrapper.cfbundle; includeInIndex = 0; path = iAppTests.xctest; sourceTree = BUILT_PRODUCTS_DIR; };
		FFC33ED21FCD065000DA0382 /* iAppTests.swift */ = {isa = PBXFileReference; lastKnownFileType = sourcecode.swift; path = iAppTests.swift; sourceTree = "<group>"; };
		FFC33ED41FCD065000DA0382 /* Info.plist */ = {isa = PBXFileReference; lastKnownFileType = text.plist.xml; path = Info.plist; sourceTree = "<group>"; };
		FFC33ED91FCD065000DA0382 /* iAppUITests.xctest */ = {isa = PBXFileReference; explicitFileType = wrapper.cfbundle; includeInIndex = 0; path = iAppUITests.xctest; sourceTree = BUILT_PRODUCTS_DIR; };
		FFC33EDD1FCD065000DA0382 /* iAppUITests.swift */ = {isa = PBXFileReference; lastKnownFileType = sourcecode.swift; path = iAppUITests.swift; sourceTree = "<group>"; };
		FFC33EDF1FCD065000DA0382 /* Info.plist */ = {isa = PBXFileReference; lastKnownFileType = text.plist.xml; path = Info.plist; sourceTree = "<group>"; };
		FFC33F6A1FCD40C200DA0382 /* MainViewController.swift */ = {isa = PBXFileReference; lastKnownFileType = sourcecode.swift; path = MainViewController.swift; sourceTree = "<group>"; };
		FFC33F731FCD441E00DA0382 /* MABaseViewController.swift */ = {isa = PBXFileReference; lastKnownFileType = sourcecode.swift; path = MABaseViewController.swift; sourceTree = "<group>"; };
		FFC33F751FCD450700DA0382 /* MATableViewController.swift */ = {isa = PBXFileReference; lastKnownFileType = sourcecode.swift; path = MATableViewController.swift; sourceTree = "<group>"; };
		FFC33F7D1FCD4B2B00DA0382 /* UIColor.swift */ = {isa = PBXFileReference; lastKnownFileType = sourcecode.swift; path = UIColor.swift; sourceTree = "<group>"; };
		FFC33F851FCD572500DA0382 /* MAView.swift */ = {isa = PBXFileReference; lastKnownFileType = sourcecode.swift; path = MAView.swift; sourceTree = "<group>"; };
		FFC33F871FCD577C00DA0382 /* MAColorView.swift */ = {isa = PBXFileReference; lastKnownFileType = sourcecode.swift; path = MAColorView.swift; sourceTree = "<group>"; };
		FFC33F891FCD579D00DA0382 /* MAColorView.xib */ = {isa = PBXFileReference; lastKnownFileType = file.xib; path = MAColorView.xib; sourceTree = "<group>"; };
		FFC33F8B1FCD5F8700DA0382 /* MAWeiboViewController.swift */ = {isa = PBXFileReference; lastKnownFileType = sourcecode.swift; path = MAWeiboViewController.swift; sourceTree = "<group>"; };
		FFC33F8D1FCD5F9500DA0382 /* Weibo.storyboard */ = {isa = PBXFileReference; lastKnownFileType = file.storyboard; path = Weibo.storyboard; sourceTree = "<group>"; };
/* End PBXFileReference section */

/* Begin PBXFrameworksBuildPhase section */
		FFC33EB41FCD065000DA0382 /* Frameworks */ = {
			isa = PBXFrameworksBuildPhase;
			buildActionMask = 2147483647;
			files = (
			);
			runOnlyForDeploymentPostprocessing = 0;
		};
		FFC33ECB1FCD065000DA0382 /* Frameworks */ = {
			isa = PBXFrameworksBuildPhase;
			buildActionMask = 2147483647;
			files = (
			);
			runOnlyForDeploymentPostprocessing = 0;
		};
		FFC33ED61FCD065000DA0382 /* Frameworks */ = {
			isa = PBXFrameworksBuildPhase;
			buildActionMask = 2147483647;
			files = (
			);
			runOnlyForDeploymentPostprocessing = 0;
		};
/* End PBXFrameworksBuildPhase section */

/* Begin PBXGroup section */
		FFC33EAE1FCD065000DA0382 = {
			isa = PBXGroup;
			children = (
				FFC33EB91FCD065000DA0382 /* iApp */,
				FFC33ED11FCD065000DA0382 /* iAppTests */,
				FFC33EDC1FCD065000DA0382 /* iAppUITests */,
				FFC33EB81FCD065000DA0382 /* Products */,
			);
			sourceTree = "<group>";
		};
		FFC33EB81FCD065000DA0382 /* Products */ = {
			isa = PBXGroup;
			children = (
				FFC33EB71FCD065000DA0382 /* iApp.app */,
				FFC33ECE1FCD065000DA0382 /* iAppTests.xctest */,
				FFC33ED91FCD065000DA0382 /* iAppUITests.xctest */,
			);
			name = Products;
			sourceTree = "<group>";
		};
		FFC33EB91FCD065000DA0382 /* iApp */ = {
			isa = PBXGroup;
			children = (
				FFC33F701FCD41A800DA0382 /* Resources */,
				FFC33F6F1FCD418E00DA0382 /* Tools */,
				FFC33F6E1FCD417D00DA0382 /* Model */,
				FFC33F7F1FCD56A400DA0382 /* UI */,
				FFC33F631FCD3F1C00DA0382 /* Supporting Files */,
			);
			path = iApp;
			sourceTree = "<group>";
		};
		FFC33ED11FCD065000DA0382 /* iAppTests */ = {
			isa = PBXGroup;
			children = (
				FFC33ED21FCD065000DA0382 /* iAppTests.swift */,
				FFC33ED41FCD065000DA0382 /* Info.plist */,
			);
			path = iAppTests;
			sourceTree = "<group>";
		};
		FFC33EDC1FCD065000DA0382 /* iAppUITests */ = {
			isa = PBXGroup;
			children = (
				FFC33EDD1FCD065000DA0382 /* iAppUITests.swift */,
				FFC33EDF1FCD065000DA0382 /* Info.plist */,
			);
			path = iAppUITests;
			sourceTree = "<group>";
		};
		FFC33F631FCD3F1C00DA0382 /* Supporting Files */ = {
			isa = PBXGroup;
			children = (
				FFC33EBA1FCD065000DA0382 /* AppDelegate.swift */,
				FFC33EBE1FCD065000DA0382 /* Main.storyboard */,
				FFC33F6A1FCD40C200DA0382 /* MainViewController.swift */,
				FFC33EC41FCD065000DA0382 /* Assets.xcassets */,
				FFC33EC61FCD065000DA0382 /* LaunchScreen.storyboard */,
				FFC33EC91FCD065000DA0382 /* Info.plist */,
				FFC33EC11FCD065000DA0382 /* iApp.xcdatamodeld */,
			);
			name = "Supporting Files";
			sourceTree = "<group>";
		};
		FFC33F6E1FCD417D00DA0382 /* Model */ = {
			isa = PBXGroup;
			children = (
			);
			path = Model;
			sourceTree = "<group>";
		};
		FFC33F6F1FCD418E00DA0382 /* Tools */ = {
			isa = PBXGroup;
			children = (
				FFC33F721FCD43AF00DA0382 /* BaseUI */,
			);
			path = Tools;
			sourceTree = "<group>";
		};
		FFC33F701FCD41A800DA0382 /* Resources */ = {
			isa = PBXGroup;
			children = (
			);
			path = Resources;
			sourceTree = "<group>";
		};
		FFC33F721FCD43AF00DA0382 /* BaseUI */ = {
			isa = PBXGroup;
			children = (
				FFC33F731FCD441E00DA0382 /* MABaseViewController.swift */,
				FFC33F751FCD450700DA0382 /* MATableViewController.swift */,
				FFC33F7D1FCD4B2B00DA0382 /* UIColor.swift */,
				FFC33F851FCD572500DA0382 /* MAView.swift */,
			);
			path = BaseUI;
			sourceTree = "<group>";
		};
		FFC33F7F1FCD56A400DA0382 /* UI */ = {
			isa = PBXGroup;
			children = (
				FFC33F821FCD56B700DA0382 /* Common */,
				FFC33F801FCD56A400DA0382 /* UI for iPad */,
				FFC33F811FCD56A400DA0382 /* UI for iPhone */,
			);
			path = UI;
			sourceTree = "<group>";
		};
		FFC33F801FCD56A400DA0382 /* UI for iPad */ = {
			isa = PBXGroup;
			children = (
				FFC33F8B1FCD5F8700DA0382 /* MAWeiboViewController.swift */,
				FFC33F8D1FCD5F9500DA0382 /* Weibo.storyboard */,
			);
			path = "UI for iPad";
			sourceTree = "<group>";
		};
		FFC33F811FCD56A400DA0382 /* UI for iPhone */ = {
			isa = PBXGroup;
			children = (
			);
			path = "UI for iPhone";
			sourceTree = "<group>";
		};
		FFC33F821FCD56B700DA0382 /* Common */ = {
			isa = PBXGroup;
			children = (
				FFC33F871FCD577C00DA0382 /* MAColorView.swift */,
				FFC33F891FCD579D00DA0382 /* MAColorView.xib */,
			);
			path = Common;
			sourceTree = "<group>";
		};
/* End PBXGroup section */

/* Begin PBXNativeTarget section */
		FFC33EB61FCD065000DA0382 /* iApp */ = {
			isa = PBXNativeTarget;
			buildConfigurationList = FFC33EE21FCD065000DA0382 /* Build configuration list for PBXNativeTarget "iApp" */;
			buildPhases = (
				FFC33EB31FCD065000DA0382 /* Sources */,
				FFC33EB41FCD065000DA0382 /* Frameworks */,
				FFC33EB51FCD065000DA0382 /* Resources */,
			);
			buildRules = (
			);
			dependencies = (
			);
			name = iApp;
			productName = iApp;
			productReference = FFC33EB71FCD065000DA0382 /* iApp.app */;
			productType = "com.apple.product-type.application";
		};
		FFC33ECD1FCD065000DA0382 /* iAppTests */ = {
			isa = PBXNativeTarget;
			buildConfigurationList = FFC33EE51FCD065000DA0382 /* Build configuration list for PBXNativeTarget "iAppTests" */;
			buildPhases = (
				FFC33ECA1FCD065000DA0382 /* Sources */,
				FFC33ECB1FCD065000DA0382 /* Frameworks */,
				FFC33ECC1FCD065000DA0382 /* Resources */,
			);
			buildRules = (
			);
			dependencies = (
				FFC33ED01FCD065000DA0382 /* PBXTargetDependency */,
			);
			name = iAppTests;
			productName = iAppTests;
			productReference = FFC33ECE1FCD065000DA0382 /* iAppTests.xctest */;
			productType = "com.apple.product-type.bundle.unit-test";
		};
		FFC33ED81FCD065000DA0382 /* iAppUITests */ = {
			isa = PBXNativeTarget;
			buildConfigurationList = FFC33EE81FCD065000DA0382 /* Build configuration list for PBXNativeTarget "iAppUITests" */;
			buildPhases = (
				FFC33ED51FCD065000DA0382 /* Sources */,
				FFC33ED61FCD065000DA0382 /* Frameworks */,
				FFC33ED71FCD065000DA0382 /* Resources */,
			);
			buildRules = (
			);
			dependencies = (
				FFC33EDB1FCD065000DA0382 /* PBXTargetDependency */,
			);
			name = iAppUITests;
			productName = iAppUITests;
			productReference = FFC33ED91FCD065000DA0382 /* iAppUITests.xctest */;
			productType = "com.apple.product-type.bundle.ui-testing";
		};
/* End PBXNativeTarget section */

/* Begin PBXProject section */
		FFC33EAF1FCD065000DA0382 /* Project object */ = {
			isa = PBXProject;
			attributes = {
				CLASSPREFIX = MA;
				LastSwiftUpdateCheck = 0910;
				LastUpgradeCheck = 0910;
				ORGANIZATIONNAME = Eric;
				TargetAttributes = {
					FFC33EB61FCD065000DA0382 = {
						CreatedOnToolsVersion = 9.1;
						ProvisioningStyle = Automatic;
					};
					FFC33ECD1FCD065000DA0382 = {
						CreatedOnToolsVersion = 9.1;
						ProvisioningStyle = Automatic;
						TestTargetID = FFC33EB61FCD065000DA0382;
					};
					FFC33ED81FCD065000DA0382 = {
						CreatedOnToolsVersion = 9.1;
						ProvisioningStyle = Automatic;
						TestTargetID = FFC33EB61FCD065000DA0382;
					};
				};
			};
			buildConfigurationList = FFC33EB21FCD065000DA0382 /* Build configuration list for PBXProject "iApp" */;
			compatibilityVersion = "Xcode 8.0";
			developmentRegion = en;
			hasScannedForEncodings = 0;
			knownRegions = (
				en,
				Base,
			);
			mainGroup = FFC33EAE1FCD065000DA0382;
			productRefGroup = FFC33EB81FCD065000DA0382 /* Products */;
			projectDirPath = "";
			projectRoot = "";
			targets = (
				FFC33EB61FCD065000DA0382 /* iApp */,
				FFC33ECD1FCD065000DA0382 /* iAppTests */,
				FFC33ED81FCD065000DA0382 /* iAppUITests */,
			);
		};
/* End PBXProject section */

/* Begin PBXResourcesBuildPhase section */
		FFC33EB51FCD065000DA0382 /* Resources */ = {
			isa = PBXResourcesBuildPhase;
			buildActionMask = 2147483647;
			files = (
				FFC33F8A1FCD579D00DA0382 /* MAColorView.xib in Resources */,
				FFC33EC81FCD065000DA0382 /* LaunchScreen.storyboard in Resources */,
				FFC33EC51FCD065000DA0382 /* Assets.xcassets in Resources */,
				FFC33F8E1FCD5F9500DA0382 /* Weibo.storyboard in Resources */,
				FFC33EC01FCD065000DA0382 /* Main.storyboard in Resources */,
			);
			runOnlyForDeploymentPostprocessing = 0;
		};
		FFC33ECC1FCD065000DA0382 /* Resources */ = {
			isa = PBXResourcesBuildPhase;
			buildActionMask = 2147483647;
			files = (
			);
			runOnlyForDeploymentPostprocessing = 0;
		};
		FFC33ED71FCD065000DA0382 /* Resources */ = {
			isa = PBXResourcesBuildPhase;
			buildActionMask = 2147483647;
			files = (
			);
			runOnlyForDeploymentPostprocessing = 0;
		};
/* End PBXResourcesBuildPhase section */

/* Begin PBXSourcesBuildPhase section */
		FFC33EB31FCD065000DA0382 /* Sources */ = {
			isa = PBXSourcesBuildPhase;
			buildActionMask = 2147483647;
			files = (
				FFC33F861FCD572500DA0382 /* MAView.swift in Sources */,
				FFC33F6B1FCD40C200DA0382 /* MainViewController.swift in Sources */,
				FFC33F7E1FCD4B2B00DA0382 /* UIColor.swift in Sources */,
				FFC33F881FCD577C00DA0382 /* MAColorView.swift in Sources */,
				FFC33F8C1FCD5F8700DA0382 /* MAWeiboViewController.swift in Sources */,
				FFC33F741FCD441E00DA0382 /* MABaseViewController.swift in Sources */,
				FFC33EC31FCD065000DA0382 /* iApp.xcdatamodeld in Sources */,
				FFC33F761FCD450700DA0382 /* MATableViewController.swift in Sources */,
				FFC33EBB1FCD065000DA0382 /* AppDelegate.swift in Sources */,
			);
			runOnlyForDeploymentPostprocessing = 0;
		};
		FFC33ECA1FCD065000DA0382 /* Sources */ = {
			isa = PBXSourcesBuildPhase;
			buildActionMask = 2147483647;
			files = (
				FFC33ED31FCD065000DA0382 /* iAppTests.swift in Sources */,
			);
			runOnlyForDeploymentPostprocessing = 0;
		};
		FFC33ED51FCD065000DA0382 /* Sources */ = {
			isa = PBXSourcesBuildPhase;
			buildActionMask = 2147483647;
			files = (
				FFC33EDE1FCD065000DA0382 /* iAppUITests.swift in Sources */,
			);
			runOnlyForDeploymentPostprocessing = 0;
		};
/* End PBXSourcesBuildPhase section */

/* Begin PBXTargetDependency section */
		FFC33ED01FCD065000DA0382 /* PBXTargetDependency */ = {
			isa = PBXTargetDependency;
			target = FFC33EB61FCD065000DA0382 /* iApp */;
			targetProxy = FFC33ECF1FCD065000DA0382 /* PBXContainerItemProxy */;
		};
		FFC33EDB1FCD065000DA0382 /* PBXTargetDependency */ = {
			isa = PBXTargetDependency;
			target = FFC33EB61FCD065000DA0382 /* iApp */;
			targetProxy = FFC33EDA1FCD065000DA0382 /* PBXContainerItemProxy */;
		};
/* End PBXTargetDependency section */

/* Begin PBXVariantGroup section */
		FFC33EBE1FCD065000DA0382 /* Main.storyboard */ = {
			isa = PBXVariantGroup;
			children = (
				FFC33EBF1FCD065000DA0382 /* Base */,
			);
			name = Main.storyboard;
			sourceTree = "<group>";
		};
		FFC33EC61FCD065000DA0382 /* LaunchScreen.storyboard */ = {
			isa = PBXVariantGroup;
			children = (
				FFC33EC71FCD065000DA0382 /* Base */,
			);
			name = LaunchScreen.storyboard;
			sourceTree = "<group>";
		};
/* End PBXVariantGroup section */

/* Begin XCBuildConfiguration section */
		FFC33EE01FCD065000DA0382 /* Debug */ = {
			isa = XCBuildConfiguration;
			buildSettings = {
				ALWAYS_SEARCH_USER_PATHS = NO;
				CLANG_ANALYZER_NONNULL = YES;
				CLANG_ANALYZER_NUMBER_OBJECT_CONVERSION = YES_AGGRESSIVE;
				CLANG_CXX_LANGUAGE_STANDARD = "gnu++14";
				CLANG_CXX_LIBRARY = "libc++";
				CLANG_ENABLE_MODULES = YES;
				CLANG_ENABLE_OBJC_ARC = YES;
				CLANG_WARN_BLOCK_CAPTURE_AUTORELEASING = YES;
				CLANG_WARN_BOOL_CONVERSION = YES;
				CLANG_WARN_COMMA = YES;
				CLANG_WARN_CONSTANT_CONVERSION = YES;
				CLANG_WARN_DIRECT_OBJC_ISA_USAGE = YES_ERROR;
				CLANG_WARN_DOCUMENTATION_COMMENTS = YES;
				CLANG_WARN_EMPTY_BODY = YES;
				CLANG_WARN_ENUM_CONVERSION = YES;
				CLANG_WARN_INFINITE_RECURSION = YES;
				CLANG_WARN_INT_CONVERSION = YES;
				CLANG_WARN_NON_LITERAL_NULL_CONVERSION = YES;
				CLANG_WARN_OBJC_LITERAL_CONVERSION = YES;
				CLANG_WARN_OBJC_ROOT_CLASS = YES_ERROR;
				CLANG_WARN_RANGE_LOOP_ANALYSIS = YES;
				CLANG_WARN_STRICT_PROTOTYPES = YES;
				CLANG_WARN_SUSPICIOUS_MOVE = YES;
				CLANG_WARN_UNGUARDED_AVAILABILITY = YES_AGGRESSIVE;
				CLANG_WARN_UNREACHABLE_CODE = YES;
				CLANG_WARN__DUPLICATE_METHOD_MATCH = YES;
				CODE_SIGN_IDENTITY = "iPhone Developer";
				COPY_PHASE_STRIP = NO;
				DEBUG_INFORMATION_FORMAT = dwarf;
				ENABLE_STRICT_OBJC_MSGSEND = YES;
				ENABLE_TESTABILITY = YES;
				GCC_C_LANGUAGE_STANDARD = gnu11;
				GCC_DYNAMIC_NO_PIC = NO;
				GCC_NO_COMMON_BLOCKS = YES;
				GCC_OPTIMIZATION_LEVEL = 0;
				GCC_PREPROCESSOR_DEFINITIONS = (
					"DEBUG=1",
					"$(inherited)",
				);
				GCC_WARN_64_TO_32_BIT_CONVERSION = YES;
				GCC_WARN_ABOUT_RETURN_TYPE = YES_ERROR;
				GCC_WARN_UNDECLARED_SELECTOR = YES;
				GCC_WARN_UNINITIALIZED_AUTOS = YES_AGGRESSIVE;
				GCC_WARN_UNUSED_FUNCTION = YES;
				GCC_WARN_UNUSED_VARIABLE = YES;
				IPHONEOS_DEPLOYMENT_TARGET = 11.1;
				MTL_ENABLE_DEBUG_INFO = YES;
				ONLY_ACTIVE_ARCH = YES;
				SDKROOT = iphoneos;
				SWIFT_ACTIVE_COMPILATION_CONDITIONS = DEBUG;
				SWIFT_OPTIMIZATION_LEVEL = "-Onone";
			};
			name = Debug;
		};
		FFC33EE11FCD065000DA0382 /* Release */ = {
			isa = XCBuildConfiguration;
			buildSettings = {
				ALWAYS_SEARCH_USER_PATHS = NO;
				CLANG_ANALYZER_NONNULL = YES;
				CLANG_ANALYZER_NUMBER_OBJECT_CONVERSION = YES_AGGRESSIVE;
				CLANG_CXX_LANGUAGE_STANDARD = "gnu++14";
				CLANG_CXX_LIBRARY = "libc++";
				CLANG_ENABLE_MODULES = YES;
				CLANG_ENABLE_OBJC_ARC = YES;
				CLANG_WARN_BLOCK_CAPTURE_AUTORELEASING = YES;
				CLANG_WARN_BOOL_CONVERSION = YES;
				CLANG_WARN_COMMA = YES;
				CLANG_WARN_CONSTANT_CONVERSION = YES;
				CLANG_WARN_DIRECT_OBJC_ISA_USAGE = YES_ERROR;
				CLANG_WARN_DOCUMENTATION_COMMENTS = YES;
				CLANG_WARN_EMPTY_BODY = YES;
				CLANG_WARN_ENUM_CONVERSION = YES;
				CLANG_WARN_INFINITE_RECURSION = YES;
				CLANG_WARN_INT_CONVERSION = YES;
				CLANG_WARN_NON_LITERAL_NULL_CONVERSION = YES;
				CLANG_WARN_OBJC_LITERAL_CONVERSION = YES;
				CLANG_WARN_OBJC_ROOT_CLASS = YES_ERROR;
				CLANG_WARN_RANGE_LOOP_ANALYSIS = YES;
				CLANG_WARN_STRICT_PROTOTYPES = YES;
				CLANG_WARN_SUSPICIOUS_MOVE = YES;
				CLANG_WARN_UNGUARDED_AVAILABILITY = YES_AGGRESSIVE;
				CLANG_WARN_UNREACHABLE_CODE = YES;
				CLANG_WARN__DUPLICATE_METHOD_MATCH = YES;
				CODE_SIGN_IDENTITY = "iPhone Developer";
				COPY_PHASE_STRIP = NO;
				DEBUG_INFORMATION_FORMAT = "dwarf-with-dsym";
				ENABLE_NS_ASSERTIONS = NO;
				ENABLE_STRICT_OBJC_MSGSEND = YES;
				GCC_C_LANGUAGE_STANDARD = gnu11;
				GCC_NO_COMMON_BLOCKS = YES;
				GCC_WARN_64_TO_32_BIT_CONVERSION = YES;
				GCC_WARN_ABOUT_RETURN_TYPE = YES_ERROR;
				GCC_WARN_UNDECLARED_SELECTOR = YES;
				GCC_WARN_UNINITIALIZED_AUTOS = YES_AGGRESSIVE;
				GCC_WARN_UNUSED_FUNCTION = YES;
				GCC_WARN_UNUSED_VARIABLE = YES;
				IPHONEOS_DEPLOYMENT_TARGET = 11.1;
				MTL_ENABLE_DEBUG_INFO = NO;
				SDKROOT = iphoneos;
				SWIFT_OPTIMIZATION_LEVEL = "-Owholemodule";
				VALIDATE_PRODUCT = YES;
			};
			name = Release;
		};
		FFC33EE31FCD065000DA0382 /* Debug */ = {
			isa = XCBuildConfiguration;
			buildSettings = {
				ASSETCATALOG_COMPILER_APPICON_NAME = AppIcon;
				CODE_SIGN_STYLE = Automatic;
				DEVELOPMENT_TEAM = B222656K5S;
				INFOPLIST_FILE = iApp/Info.plist;
				IPHONEOS_DEPLOYMENT_TARGET = 11.1;
				LD_RUNPATH_SEARCH_PATHS = "$(inherited) @executable_path/Frameworks";
				PRODUCT_BUNDLE_IDENTIFIER = com.maluwei.iApp;
				PRODUCT_NAME = "$(TARGET_NAME)";
				SWIFT_VERSION = 4.0;
				TARGETED_DEVICE_FAMILY = 1;
			};
			name = Debug;
		};
		FFC33EE41FCD065000DA0382 /* Release */ = {
			isa = XCBuildConfiguration;
			buildSettings = {
				ASSETCATALOG_COMPILER_APPICON_NAME = AppIcon;
				CODE_SIGN_STYLE = Automatic;
				DEVELOPMENT_TEAM = B222656K5S;
				INFOPLIST_FILE = iApp/Info.plist;
				IPHONEOS_DEPLOYMENT_TARGET = 11.1;
				LD_RUNPATH_SEARCH_PATHS = "$(inherited) @executable_path/Frameworks";
				PRODUCT_BUNDLE_IDENTIFIER = com.maluwei.iApp;
				PRODUCT_NAME = "$(TARGET_NAME)";
				SWIFT_VERSION = 4.0;
				TARGETED_DEVICE_FAMILY = 1;
			};
			name = Release;
		};
		FFC33EE61FCD065000DA0382 /* Debug */ = {
			isa = XCBuildConfiguration;
			buildSettings = {
				ALWAYS_EMBED_SWIFT_STANDARD_LIBRARIES = YES;
				BUNDLE_LOADER = "$(TEST_HOST)";
				CODE_SIGN_STYLE = Automatic;
				DEVELOPMENT_TEAM = B222656K5S;
				INFOPLIST_FILE = iAppTests/Info.plist;
				LD_RUNPATH_SEARCH_PATHS = "$(inherited) @executable_path/Frameworks @loader_path/Frameworks";
				PRODUCT_BUNDLE_IDENTIFIER = com.maluwei.iAppTests;
				PRODUCT_NAME = "$(TARGET_NAME)";
				SWIFT_VERSION = 4.0;
				TARGETED_DEVICE_FAMILY = "1,2";
				TEST_HOST = "$(BUILT_PRODUCTS_DIR)/iApp.app/iApp";
			};
			name = Debug;
		};
		FFC33EE71FCD065000DA0382 /* Release */ = {
			isa = XCBuildConfiguration;
			buildSettings = {
				ALWAYS_EMBED_SWIFT_STANDARD_LIBRARIES = YES;
				BUNDLE_LOADER = "$(TEST_HOST)";
				CODE_SIGN_STYLE = Automatic;
				DEVELOPMENT_TEAM = B222656K5S;
				INFOPLIST_FILE = iAppTests/Info.plist;
				LD_RUNPATH_SEARCH_PATHS = "$(inherited) @executable_path/Frameworks @loader_path/Frameworks";
				PRODUCT_BUNDLE_IDENTIFIER = com.maluwei.iAppTests;
				PRODUCT_NAME = "$(TARGET_NAME)";
				SWIFT_VERSION = 4.0;
				TARGETED_DEVICE_FAMILY = "1,2";
				TEST_HOST = "$(BUILT_PRODUCTS_DIR)/iApp.app/iApp";
			};
			name = Release;
		};
		FFC33EE91FCD065000DA0382 /* Debug */ = {
			isa = XCBuildConfiguration;
			buildSettings = {
				ALWAYS_EMBED_SWIFT_STANDARD_LIBRARIES = YES;
				CODE_SIGN_STYLE = Automatic;
				DEVELOPMENT_TEAM = B222656K5S;
				INFOPLIST_FILE = iAppUITests/Info.plist;
				LD_RUNPATH_SEARCH_PATHS = "$(inherited) @executable_path/Frameworks @loader_path/Frameworks";
				PRODUCT_BUNDLE_IDENTIFIER = com.maluwei.iAppUITests;
				PRODUCT_NAME = "$(TARGET_NAME)";
				SWIFT_VERSION = 4.0;
				TARGETED_DEVICE_FAMILY = "1,2";
				TEST_TARGET_NAME = iApp;
			};
			name = Debug;
		};
		FFC33EEA1FCD065000DA0382 /* Release */ = {
			isa = XCBuildConfiguration;
			buildSettings = {
				ALWAYS_EMBED_SWIFT_STANDARD_LIBRARIES = YES;
				CODE_SIGN_STYLE = Automatic;
				DEVELOPMENT_TEAM = B222656K5S;
				INFOPLIST_FILE = iAppUITests/Info.plist;
				LD_RUNPATH_SEARCH_PATHS = "$(inherited) @executable_path/Frameworks @loader_path/Frameworks";
				PRODUCT_BUNDLE_IDENTIFIER = com.maluwei.iAppUITests;
				PRODUCT_NAME = "$(TARGET_NAME)";
				SWIFT_VERSION = 4.0;
				TARGETED_DEVICE_FAMILY = "1,2";
				TEST_TARGET_NAME = iApp;
			};
			name = Release;
		};
/* End XCBuildConfiguration section */

/* Begin XCConfigurationList section */
		FFC33EB21FCD065000DA0382 /* Build configuration list for PBXProject "iApp" */ = {
			isa = XCConfigurationList;
			buildConfigurations = (
				FFC33EE01FCD065000DA0382 /* Debug */,
				FFC33EE11FCD065000DA0382 /* Release */,
			);
			defaultConfigurationIsVisible = 0;
			defaultConfigurationName = Release;
		};
		FFC33EE21FCD065000DA0382 /* Build configuration list for PBXNativeTarget "iApp" */ = {
			isa = XCConfigurationList;
			buildConfigurations = (
				FFC33EE31FCD065000DA0382 /* Debug */,
				FFC33EE41FCD065000DA0382 /* Release */,
			);
			defaultConfigurationIsVisible = 0;
			defaultConfigurationName = Release;
		};
		FFC33EE51FCD065000DA0382 /* Build configuration list for PBXNativeTarget "iAppTests" */ = {
			isa = XCConfigurationList;
			buildConfigurations = (
				FFC33EE61FCD065000DA0382 /* Debug */,
				FFC33EE71FCD065000DA0382 /* Release */,
			);
			defaultConfigurationIsVisible = 0;
			defaultConfigurationName = Release;
		};
		FFC33EE81FCD065000DA0382 /* Build configuration list for PBXNativeTarget "iAppUITests" */ = {
			isa = XCConfigurationList;
			buildConfigurations = (
				FFC33EE91FCD065000DA0382 /* Debug */,
				FFC33EEA1FCD065000DA0382 /* Release */,
			);
			defaultConfigurationIsVisible = 0;
			defaultConfigurationName = Release;
		};
/* End XCConfigurationList section */

/* Begin XCVersionGroup section */
		FFC33EC11FCD065000DA0382 /* iApp.xcdatamodeld */ = {
			isa = XCVersionGroup;
			children = (
				FFC33EC21FCD065000DA0382 /* iApp.xcdatamodel */,
			);
			currentVersion = FFC33EC21FCD065000DA0382 /* iApp.xcdatamodel */;
			path = iApp.xcdatamodeld;
			sourceTree = "<group>";
			versionGroupType = wrapper.xcdatamodel;
		};
/* End XCVersionGroup section */
	};
	rootObject = FFC33EAF1FCD065000DA0382 /* Project object */;
}
